PODS:
  - Down (0.8.1)
  - Highlightr (2.1.0)
  - Marklight (1.4.0)

DEPENDENCIES:
  - Down
  - Highlightr
  - Marklight

SPEC REPOS:
  https://github.com/cocoapods/specs.git:
    - Down
    - Highlightr
    - Marklight

SPEC CHECKSUMS:
  Down: 3aa5ab1aee1a2ffff3c07291e9210dac5cc462cd
  Highlightr: 595f3e100737c8de41113385da8bd0b5b65212c6
  Marklight: 2489d376cd3d3e7b1d109cd7d6d248fd9b8e0bee

PODFILE CHECKSUM: 454ad99d7ea53756d2f1500e4997425f2ef5a7dd

COCOAPODS: 1.6.1
