PODS:
  - Down (0.8.4)
  - Highlightr (2.1.0)
  - SideMenu (5.0.3)

DEPENDENCIES:
  - Down
  - Highlightr
  - SideMenu

SPEC REPOS:
  https://github.com/cocoapods/specs.git:
    - Down
    - Highlightr
    - SideMenu

SPEC CHECKSUMS:
  Down: 533c1fc9a76275c150f924441e2907c07ddd9891
  Highlightr: 595f3e100737c8de41113385da8bd0b5b65212c6
  SideMenu: 1dcaabce84538c53325c287f7fe62999379a641c

PODFILE CHECKSUM: eb5f8466e5fcd8b0eacfd134fed9cbfaeb6f58d9

COCOAPODS: 1.6.1
